{
  "nodes": {
    "nixpkgs": {
      "locked": {
        "lastModified": 1766747458,
        "narHash": "sha256-m63jjuo/ygo8ztkCziYh5OOIbTSXUDkKbqw3Vuqu4a4=",
        "path": "/nix/store/d4gpfwy1fr3w4ac2q63rw3ffb59n7van-source",
        "rev": "c633f572eded8c4f3c75b8010129854ed404a6ce",
        "type": "path"
      },
      "original": {
        "id": "nixpkgs",
        "type": "indirect"
      }
    },
    "nixpkgs-lib": {
      "locked": {
        "lastModified": 1765674936,
        "narHash": "sha256-k00uTP4JNfmejrCLJOwdObYC9jHRrr/5M/a/8L2EIdo=",
        "owner": "nix-community",
        "repo": "nixpkgs.lib",
        "rev": "2075416fcb47225d9b68ac469a5c4801a9c4dd85",
        "type": "github"
      },
      "original": {
        "owner": "nix-community",
        "repo": "nixpkgs.lib",
        "type": "github"
      }
    },
    "process-compose-flake": {
      "locked": {
        "lastModified": 1764915241,
        "narHash": "sha256-vTqn6IAkZhuuctvkxjhzI1EEybyzwaNd7HJvhF662O8=",
        "owner": "Platonic-Systems",
        "repo": "process-compose-flake",
        "rev": "36678818ecbd0e06a60740a291c55b683fec79dd",
        "type": "github"
      },
      "original": {
        "owner": "Platonic-Systems",
        "repo": "process-compose-flake",
        "type": "github"
      }
    },
    "root": {
      "inputs": {
        "nixpkgs": "nixpkgs",
        "process-compose-flake": "process-compose-flake",
        "utils": "utils"
      }
    },
    "utils": {
      "inputs": {
        "nixpkgs-lib": "nixpkgs-lib"
      },
      "locked": {
        "lastModified": 1765835352,
        "narHash": "sha256-XswHlK/Qtjasvhd1nOa1e8MgZ8GS//jBoTqWtrS1Giw=",
        "owner": "hercules-ci",
        "repo": "flake-parts",
        "rev": "a34fae9c08a15ad73f295041fec82323541400a9",
        "type": "github"
      },
      "original": {
        "owner": "hercules-ci",
        "repo": "flake-parts",
        "type": "github"
      }
    }
  },
  "root": "root",
  "version": 7
}
